
Microsoft Visual Studio Solution File, Format Version 12.00
# Visual Studio Version 16
VisualStudioVersion = 16.0.29709.97
MinimumVisualStudioVersion = 10.0.40219.1
Project("{FAE04EC0-301F-11D3-BF4B-00C04F79EFBC}") = "ShortCutSpotify", "ShortCutSpotify.csproj", "{E097402E-00ED-4A75-86B1-6AF444C6F67B}"
EndProject
Project("{FAE04EC0-301F-11D3-BF4B-00C04F79EFBC}") = "SpotifyService", "SpotifyService\SpotifyService.csproj", "{BC2CC03B-11CF-4F22-8050-FAE18709D6F4}"
EndProject
Project("{FAE04EC0-301F-11D3-BF4B-00C04F79EFBC}") = "WcfClient", "WcfClient\WcfClient.csproj", "{E1AC7B4E-321D-4940-85F2-82C50B77F2B2}"
EndProject
Project("{FAE04EC0-301F-11D3-BF4B-00C04F79EFBC}") = "WcfHost", "WcfHost\WcfHost.csproj", "{692F787D-68DD-4476-A299-E30BC48DBF83}"
EndProject
Global
	GlobalSection(SolutionConfigurationPlatforms) = preSolution
		Debug|Any CPU = Debug|Any CPU
		Release|Any CPU = Release|Any CPU
	EndGlobalSection
	GlobalSection(ProjectConfigurationPlatforms) = postSolution
		{E097402E-00ED-4A75-86B1-6AF444C6F67B}.Debug|Any CPU.ActiveCfg = Debug|Any CPU
		{E097402E-00ED-4A75-86B1-6AF444C6F67B}.Debug|Any CPU.Build.0 = Debug|Any CPU
		{E097402E-00ED-4A75-86B1-6AF444C6F67B}.Release|Any CPU.ActiveCfg = Release|Any CPU
		{E097402E-00ED-4A75-86B1-6AF444C6F67B}.Release|Any CPU.Build.0 = Release|Any CPU
		{BC2CC03B-11CF-4F22-8050-FAE18709D6F4}.Debug|Any CPU.ActiveCfg = Debug|Any CPU
		{BC2CC03B-11CF-4F22-8050-FAE18709D6F4}.Debug|Any CPU.Build.0 = Debug|Any CPU
		{BC2CC03B-11CF-4F22-8050-FAE18709D6F4}.Release|Any CPU.ActiveCfg = Release|Any CPU
		{BC2CC03B-11CF-4F22-8050-FAE18709D6F4}.Release|Any CPU.Build.0 = Release|Any CPU
		{E1AC7B4E-321D-4940-85F2-82C50B77F2B2}.Debug|Any CPU.ActiveCfg = Debug|Any CPU
		{E1AC7B4E-321D-4940-85F2-82C50B77F2B2}.Debug|Any CPU.Build.0 = Debug|Any CPU
		{E1AC7B4E-321D-4940-85F2-82C50B77F2B2}.Release|Any CPU.ActiveCfg = Release|Any CPU
		{E1AC7B4E-321D-4940-85F2-82C50B77F2B2}.Release|Any CPU.Build.0 = Release|Any CPU
		{692F787D-68DD-4476-A299-E30BC48DBF83}.Debug|Any CPU.ActiveCfg = Debug|Any CPU
		{692F787D-68DD-4476-A299-E30BC48DBF83}.Debug|Any CPU.Build.0 = Debug|Any CPU
		{692F787D-68DD-4476-A299-E30BC48DBF83}.Release|Any CPU.ActiveCfg = Release|Any CPU
		{692F787D-68DD-4476-A299-E30BC48DBF83}.Release|Any CPU.Build.0 = Release|Any CPU
	EndGlobalSection
	GlobalSection(SolutionProperties) = preSolution
		HideSolutionNode = FALSE
	EndGlobalSection
	GlobalSection(ExtensibilityGlobals) = postSolution
		SolutionGuid = {9C68A30A-9AEF-4483-BA5D-3B9F0239B32C}
	EndGlobalSection
EndGlobal
